
Microsoft Visual Studio Solution File, Format Version 12.00
# Visual Studio Version 16
VisualStudioVersion = 16.0.29509.3
MinimumVisualStudioVersion = 10.0.40219.1
Project("{9A19103F-16F7-4668-BE54-9A1E7A4F7556}") = "NumbersExtension.Tests", "NumbersExtension.Tests\NumbersExtension.Tests.csproj", "{158C4A0A-2487-43FD-AC87-7619820F386E}"
EndProject
Project("{9A19103F-16F7-4668-BE54-9A1E7A4F7556}") = "NumbersExtension", "NumbersExtension\NumbersExtension.csproj", "{EB47E25F-6D36-4DD4-9B56-A73CBAD8E728}"
EndProject
Project("{9A19103F-16F7-4668-BE54-9A1E7A4F7556}") = "NumbersExtension.MSTests", "NumbersExtension.MSTests\NumbersExtension.MSTests.csproj", "{152A1807-0109-4AC6-BB98-B822C8D56A05}"
EndProject
Global
	GlobalSection(SolutionConfigurationPlatforms) = preSolution
		Debug|Any CPU = Debug|Any CPU
		Release|Any CPU = Release|Any CPU
	EndGlobalSection
	GlobalSection(ProjectConfigurationPlatforms) = postSolution
		{158C4A0A-2487-43FD-AC87-7619820F386E}.Debug|Any CPU.ActiveCfg = Debug|Any CPU
		{158C4A0A-2487-43FD-AC87-7619820F386E}.Debug|Any CPU.Build.0 = Debug|Any CPU
		{158C4A0A-2487-43FD-AC87-7619820F386E}.Release|Any CPU.ActiveCfg = Release|Any CPU
		{158C4A0A-2487-43FD-AC87-7619820F386E}.Release|Any CPU.Build.0 = Release|Any CPU
		{EB47E25F-6D36-4DD4-9B56-A73CBAD8E728}.Debug|Any CPU.ActiveCfg = Debug|Any CPU
		{EB47E25F-6D36-4DD4-9B56-A73CBAD8E728}.Debug|Any CPU.Build.0 = Debug|Any CPU
		{EB47E25F-6D36-4DD4-9B56-A73CBAD8E728}.Release|Any CPU.ActiveCfg = Release|Any CPU
		{EB47E25F-6D36-4DD4-9B56-A73CBAD8E728}.Release|Any CPU.Build.0 = Release|Any CPU
		{152A1807-0109-4AC6-BB98-B822C8D56A05}.Debug|Any CPU.ActiveCfg = Debug|Any CPU
		{152A1807-0109-4AC6-BB98-B822C8D56A05}.Debug|Any CPU.Build.0 = Debug|Any CPU
		{152A1807-0109-4AC6-BB98-B822C8D56A05}.Release|Any CPU.ActiveCfg = Release|Any CPU
		{152A1807-0109-4AC6-BB98-B822C8D56A05}.Release|Any CPU.Build.0 = Release|Any CPU
	EndGlobalSection
	GlobalSection(SolutionProperties) = preSolution
		HideSolutionNode = FALSE
	EndGlobalSection
	GlobalSection(ExtensibilityGlobals) = postSolution
		SolutionGuid = {EFC4DE15-C760-4F20-A4FA-FCBB1CD0DD2E}
	EndGlobalSection
EndGlobal
